{
  "name": "domain-analysis-r014-knowledge-processing-poc",
  "lockfileVersion": 3,
  "requires": true,
  "packages": {
    "": {
      "name": "domain-analysis-r014-knowledge-processing-poc",
      "dependencies": {
        "@openai/codex-sdk": "0.147.0",
        "cheerio": "1.0.0-rc.12",
        "mathjs": "15.2.0",
        "read-excel-file": "9.3.10",
        "unpdf": "1.8.1",
        "zod": "3.25.76",
        "zod-to-json-schema": "3.25.2"
      },
      "engines": {
        "node": ">=22.22.0 <23"
      }
    },
    "node_modules/@babel/runtime": {
      "version": "7.29.7",
      "resolved": "https://registry.npmjs.org/@babel/runtime/-/runtime-7.29.7.tgz",
      "integrity": "sha512-Nq8OhGWiZIZGV6hLHoyAKLLcJihP/xFeBMGJoUrxTX2psI8dCifzLhZISFb+VWS3wFMRDmCGw5R+dOySCqPLhw==",
      "license": "MIT",
      "engines": {
        "node": ">=6.9.0"
      }
    },
    "node_modules/@openai/codex": {
      "version": "0.147.0",
      "resolved": "https://registry.npmjs.org/@openai/codex/-/codex-0.147.0.tgz",
      "integrity": "sha512-EQLEXecAG2ptxI7UpBMo2TR/ga5596/c/OsYF/0LoUDh5JANZ7IoGqlzBEWbuEVQ76JePIbtTW/ihCkp1a7Z3w==",
      "license": "Apache-2.0",
      "bin": {
        "codex": "bin/codex.js"
      },
      "engines": {
        "node": ">=16"
      },
      "optionalDependencies": {
        "@openai/codex-darwin-arm64": "npm:@openai/codex@0.147.0-darwin-arm64",
        "@openai/codex-darwin-x64": "npm:@openai/codex@0.147.0-darwin-x64",
        "@openai/codex-linux-arm64": "npm:@openai/codex@0.147.0-linux-arm64",
        "@openai/codex-linux-x64": "npm:@openai/codex@0.147.0-linux-x64",
        "@openai/codex-win32-arm64": "npm:@openai/codex@0.147.0-win32-arm64",
        "@openai/codex-win32-x64": "npm:@openai/codex@0.147.0-win32-x64"
      }
    },
    "node_modules/@openai/codex-darwin-arm64": {
      "name": "@openai/codex",
      "version": "0.147.0-darwin-arm64",
      "resolved": "https://registry.npmjs.org/@openai/codex/-/codex-0.147.0-darwin-arm64.tgz",
      "integrity": "sha512-BEUVkiOW7kLcRyrMLfAr/h9wF8sRVJyZDy6OHtVn6QGDXiv3BvAZVTY1Pu9xF7KdIdkYXbp4uayN0aDQQaAUJw==",
      "cpu": [
        "arm64"
      ],
      "license": "Apache-2.0",
      "optional": true,
      "os": [
        "darwin"
      ],
      "engines": {
        "node": ">=16"
      }
    },
    "node_modules/@openai/codex-darwin-x64": {
      "name": "@openai/codex",
      "version": "0.147.0-darwin-x64",
      "resolved": "https://registry.npmjs.org/@openai/codex/-/codex-0.147.0-darwin-x64.tgz",
      "integrity": "sha512-Tb8McE5SvJIH0Vs5R6sq7u+quiC931yan2KOOl6km1OdZ82+Wi7eF5XrSFPs5CF7xCgoIK4Vs+byMbT5hN+ZUw==",
      "cpu": [
        "x64"
      ],
      "license": "Apache-2.0",
      "optional": true,
      "os": [
        "darwin"
      ],
      "engines": {
        "node": ">=16"
      }
    },
    "node_modules/@openai/codex-linux-arm64": {
      "name": "@openai/codex",
      "version": "0.147.0-linux-arm64",
      "resolved": "https://registry.npmjs.org/@openai/codex/-/codex-0.147.0-linux-arm64.tgz",
      "integrity": "sha512-SLC1JXw2TYfr/c3HhrJubyyLelq7vTOLWVmiThFA+z0+WgzCPmaseJ/kzDD3Gge/TO7fCnnj7UcPmC0d2c8XAg==",
      "cpu": [
        "arm64"
      ],
      "license": "Apache-2.0",
      "optional": true,
      "os": [
        "linux"
      ],
      "engines": {
        "node": ">=16"
      }
    },
    "node_modules/@openai/codex-linux-x64": {
      "name": "@openai/codex",
      "version": "0.147.0-linux-x64",
      "resolved": "https://registry.npmjs.org/@openai/codex/-/codex-0.147.0-linux-x64.tgz",
      "integrity": "sha512-0W9MBxPpWW0cSkNqrTDN2jR7rzzT7oNMhQY5446lT2Lw5cz5yhDTck4Va9rjkQEm+HlFzP/dmEMSZbXfJsINmw==",
      "cpu": [
        "x64"
      ],
      "license": "Apache-2.0",
      "optional": true,
      "os": [
        "linux"
      ],
      "engines": {
        "node": ">=16"
      }
    },
    "node_modules/@openai/codex-sdk": {
      "version": "0.147.0",
      "resolved": "https://registry.npmjs.org/@openai/codex-sdk/-/codex-sdk-0.147.0.tgz",
      "integrity": "sha512-nJL0maDBZy31uEArs+u46tW22veNdHjfs96AGaFTnI3jF+g8U+a422uaPiDZwEKmyxcNwStTRz6sIh6C7XxGFQ==",
      "license": "Apache-2.0",
      "dependencies": {
        "@openai/codex": "0.147.0"
      },
      "engines": {
        "node": ">=18"
      }
    },
    "node_modules/@openai/codex-win32-arm64": {
      "name": "@openai/codex",
      "version": "0.147.0-win32-arm64",
      "resolved": "https://registry.npmjs.org/@openai/codex/-/codex-0.147.0-win32-arm64.tgz",
      "integrity": "sha512-e2ZstJ8zT8Rm1nvR7CUVO+Gr3cTChE41+VfOzGhynzDXEoW0wfbjUQbc2bWbh1arG94LMm4y3dqBtUIbSrfeGA==",
      "cpu": [
        "arm64"
      ],
      "license": "Apache-2.0",
      "optional": true,
      "os": [
        "win32"
      ],
      "engines": {
        "node": ">=16"
      }
    },
    "node_modules/@openai/codex-win32-x64": {
      "name": "@openai/codex",
      "version": "0.147.0-win32-x64",
      "resolved": "https://registry.npmjs.org/@openai/codex/-/codex-0.147.0-win32-x64.tgz",
      "integrity": "sha512-oT7Ss5fAPf2fiWE9QNURqZcQGAAawSVxmIUdgPzckq4KFZAM+pRz9JbM4Rr498CjtbNgTOjWvDJ+DXvIBSfOPA==",
      "cpu": [
        "x64"
      ],
      "license": "Apache-2.0",
      "optional": true,
      "os": [
        "win32"
      ],
      "engines": {
        "node": ">=16"
      }
    },
    "node_modules/boolbase": {
      "version": "1.0.0",
      "resolved": "https://registry.npmjs.org/boolbase/-/boolbase-1.0.0.tgz",
      "integrity": "sha512-JZOSA7Mo9sNGB8+UjSgzdLtokWAky1zbztM3WRLCbZ70/3cTANmQmOdR7y2g+J0e2WXywy1yS468tY+IruqEww==",
      "license": "ISC"
    },
    "node_modules/cheerio": {
      "version": "1.0.0-rc.12",
      "resolved": "https://registry.npmjs.org/cheerio/-/cheerio-1.0.0-rc.12.tgz",
      "integrity": "sha512-VqR8m68vM46BNnuZ5NtnGBKIE/DfN0cRIzg9n40EIq9NOv90ayxLBXA8fXC5gquFRGJSTRqBq25Jt2ECLR431Q==",
      "license": "MIT",
      "dependencies": {
        "cheerio-select": "^2.1.0",
        "dom-serializer": "^2.0.0",
        "domhandler": "^5.0.3",
        "domutils": "^3.0.1",
        "htmlparser2": "^8.0.1",
        "parse5": "^7.0.0",
        "parse5-htmlparser2-tree-adapter": "^7.0.0"
      },
      "engines": {
        "node": ">= 6"
      },
      "funding": {
        "url": "https://github.com/cheeriojs/cheerio?sponsor=1"
      }
    },
    "node_modules/cheerio-select": {
      "version": "2.1.0",
      "resolved": "https://registry.npmjs.org/cheerio-select/-/cheerio-select-2.1.0.tgz",
      "integrity": "sha512-9v9kG0LvzrlcungtnJtpGNxY+fzECQKhK4EGJX2vByejiMX84MFNQw4UxPJl3bFbTMw+Dfs37XaIkCwTZfLh4g==",
      "license": "BSD-2-Clause",
      "dependencies": {
        "boolbase": "^1.0.0",
        "css-select": "^5.1.0",
        "css-what": "^6.1.0",
        "domelementtype": "^2.3.0",
        "domhandler": "^5.0.3",
        "domutils": "^3.0.1"
      },
      "funding": {
        "url": "https://github.com/sponsors/fb55"
      }
    },
    "node_modules/complex.js": {
      "version": "2.4.3",
      "resolved": "https://registry.npmjs.org/complex.js/-/complex.js-2.4.3.tgz",
      "integrity": "sha512-UrQVSUur14tNX6tiP4y8T4w4FeJAX3bi2cIv0pu/DTLFNxoq7z2Yh83Vfzztj6Px3X/lubqQ9IrPp7Bpn6p4MQ==",
      "license": "MIT",
      "engines": {
        "node": "*"
      },
      "funding": {
        "type": "github",
        "url": "https://github.com/sponsors/rawify"
      }
    },
    "node_modules/css-select": {
      "version": "5.2.2",
      "resolved": "https://registry.npmjs.org/css-select/-/css-select-5.2.2.tgz",
      "integrity": "sha512-TizTzUddG/xYLA3NXodFM0fSbNizXjOKhqiQQwvhlspadZokn1KDy0NZFS0wuEubIYAV5/c1/lAr0TaaFXEXzw==",
      "license": "BSD-2-Clause",
      "dependencies": {
        "boolbase": "^1.0.0",
        "css-what": "^6.1.0",
        "domhandler": "^5.0.2",
        "domutils": "^3.0.1",
        "nth-check": "^2.0.1"
      },
      "funding": {
        "url": "https://github.com/sponsors/fb55"
      }
    },
    "node_modules/css-what": {
      "version": "6.2.2",
      "resolved": "https://registry.npmjs.org/css-what/-/css-what-6.2.2.tgz",
      "integrity": "sha512-u/O3vwbptzhMs3L1fQE82ZSLHQQfto5gyZzwteVIEyeaY5Fc7R4dapF/BvRoSYFeqfBk4m0V1Vafq5Pjv25wvA==",
      "license": "BSD-2-Clause",
      "engines": {
        "node": ">= 6"
      },
      "funding": {
        "url": "https://github.com/sponsors/fb55"
      }
    },
    "node_modules/decimal.js": {
      "version": "10.6.0",
      "resolved": "https://registry.npmjs.org/decimal.js/-/decimal.js-10.6.0.tgz",
      "integrity": "sha512-YpgQiITW3JXGntzdUmyUR1V812Hn8T1YVXhCu+wO3OpS4eU9l4YdD3qjyiKdV6mvV29zapkMeD390UVEf2lkUg==",
      "license": "MIT"
    },
    "node_modules/dom-serializer": {
      "version": "2.0.0",
      "resolved": "https://registry.npmjs.org/dom-serializer/-/dom-serializer-2.0.0.tgz",
      "integrity": "sha512-wIkAryiqt/nV5EQKqQpo3SToSOV9J0DnbJqwK7Wv/Trc92zIAYZ4FlMu+JPFW1DfGFt81ZTCGgDEabffXeLyJg==",
      "license": "MIT",
      "dependencies": {
        "domelementtype": "^2.3.0",
        "domhandler": "^5.0.2",
        "entities": "^4.2.0"
      },
      "funding": {
        "url": "https://github.com/cheeriojs/dom-serializer?sponsor=1"
      }
    },
    "node_modules/domelementtype": {
      "version": "2.3.0",
      "resolved": "https://registry.npmjs.org/domelementtype/-/domelementtype-2.3.0.tgz",
      "integrity": "sha512-OLETBj6w0OsagBwdXnPdN0cnMfF9opN69co+7ZrbfPGrdpPVNBUj02spi6B1N7wChLQiPn4CSH/zJvXw56gmHw==",
      "funding": [
        {
          "type": "github",
          "url": "https://github.com/sponsors/fb55"
        }
      ],
      "license": "BSD-2-Clause"
    },
    "node_modules/domhandler": {
      "version": "5.0.3",
      "resolved": "https://registry.npmjs.org/domhandler/-/domhandler-5.0.3.tgz",
      "integrity": "sha512-cgwlv/1iFQiFnU96XXgROh8xTeetsnJiDsTc7TYCLFd9+/WNkIqPTxiM/8pSd8VIrhXGTf1Ny1q1hquVqDJB5w==",
      "license": "BSD-2-Clause",
      "dependencies": {
        "domelementtype": "^2.3.0"
      },
      "engines": {
        "node": ">= 4"
      },
      "funding": {
        "url": "https://github.com/fb55/domhandler?sponsor=1"
      }
    },
    "node_modules/domutils": {
      "version": "3.2.2",
      "resolved": "https://registry.npmjs.org/domutils/-/domutils-3.2.2.tgz",
      "integrity": "sha512-6kZKyUajlDuqlHKVX1w7gyslj9MPIXzIFiz/rGu35uC1wMi+kMhQwGhl4lt9unC9Vb9INnY9Z3/ZA3+FhASLaw==",
      "license": "BSD-2-Clause",
      "dependencies": {
        "dom-serializer": "^2.0.0",
        "domelementtype": "^2.3.0",
        "domhandler": "^5.0.3"
      },
      "funding": {
        "url": "https://github.com/fb55/domutils?sponsor=1"
      }
    },
    "node_modules/entities": {
      "version": "4.5.0",
      "resolved": "https://registry.npmjs.org/entities/-/entities-4.5.0.tgz",
      "integrity": "sha512-V0hjH4dGPh9Ao5p0MoRY6BVqtwCjhz6vI5LT8AJ55H+4g9/4vbHx1I54fS0XuclLhDHArPQCiMjDxjaL8fPxhw==",
      "license": "BSD-2-Clause",
      "engines": {
        "node": ">=0.12"
      },
      "funding": {
        "url": "https://github.com/fb55/entities?sponsor=1"
      }
    },
    "node_modules/escape-latex": {
      "version": "1.2.0",
      "resolved": "https://registry.npmjs.org/escape-latex/-/escape-latex-1.2.0.tgz",
      "integrity": "sha512-nV5aVWW1K0wEiUIEdZ4erkGGH8mDxGyxSeqPzRNtWP7ataw+/olFObw7hujFWlVjNsaDFw5VZ5NzVSIqRgfTiw==",
      "license": "MIT"
    },
    "node_modules/fflate": {
      "version": "0.8.3",
      "resolved": "https://registry.npmjs.org/fflate/-/fflate-0.8.3.tgz",
      "integrity": "sha512-tbZNuJrLwGUp3zshBtdy4W+ORxZuIh8a5ilyIEQDC5rY1f3U20JMry0Ll3WBzU58EZKsEuJFXhb5gwv8CsPvgA==",
      "license": "MIT"
    },
    "node_modules/fraction.js": {
      "version": "5.3.4",
      "resolved": "https://registry.npmjs.org/fraction.js/-/fraction.js-5.3.4.tgz",
      "integrity": "sha512-1X1NTtiJphryn/uLQz3whtY6jK3fTqoE3ohKs0tT+Ujr1W59oopxmoEh7Lu5p6vBaPbgoM0bzveAW4Qi5RyWDQ==",
      "license": "MIT",
      "engines": {
        "node": "*"
      },
      "funding": {
        "type": "github",
        "url": "https://github.com/sponsors/rawify"
      }
    },
    "node_modules/graceful-fs": {
      "version": "4.2.11",
      "resolved": "https://registry.npmjs.org/graceful-fs/-/graceful-fs-4.2.11.tgz",
      "integrity": "sha512-RbJ5/jmFcNNCcDV5o9eTnBLJ/HszWV0P73bc+Ff4nS/rJj+YaS6IGyiOL0VoBYX+l1Wrl3k63h/KrH+nhJ0XvQ==",
      "license": "ISC"
    },
    "node_modules/htmlparser2": {
      "version": "8.0.2",
      "resolved": "https://registry.npmjs.org/htmlparser2/-/htmlparser2-8.0.2.tgz",
      "integrity": "sha512-GYdjWKDkbRLkZ5geuHs5NY1puJ+PXwP7+fHPRz06Eirsb9ugf6d8kkXav6ADhcODhFFPMIXyxkxSuMf3D6NCFA==",
      "funding": [
        "https://github.com/fb55/htmlparser2?sponsor=1",
        {
          "type": "github",
          "url": "https://github.com/sponsors/fb55"
        }
      ],
      "license": "MIT",
      "dependencies": {
        "domelementtype": "^2.3.0",
        "domhandler": "^5.0.3",
        "domutils": "^3.0.1",
        "entities": "^4.4.0"
      }
    },
    "node_modules/javascript-natural-sort": {
      "version": "0.7.1",
      "resolved": "https://registry.npmjs.org/javascript-natural-sort/-/javascript-natural-sort-0.7.1.tgz",
      "integrity": "sha512-nO6jcEfZWQXDhOiBtG2KvKyEptz7RVbpGP4vTD2hLBdmNQSsCiicO2Ioinv6UI4y9ukqnBpy+XZ9H6uLNgJTlw==",
      "license": "MIT"
    },
    "node_modules/mathjs": {
      "version": "15.2.0",
      "resolved": "https://registry.npmjs.org/mathjs/-/mathjs-15.2.0.tgz",
      "integrity": "sha512-UAQzSVob9rNLdGpqcFMYmSu9dkuLYy7Lr2hBEQS5SHQdknA9VppJz3cy2KkpMzTODunad6V6cNv+5kOLsePLow==",
      "license": "Apache-2.0",
      "dependencies": {
        "@babel/runtime": "^7.26.10",
        "complex.js": "^2.2.5",
        "decimal.js": "^10.4.3",
        "escape-latex": "^1.2.0",
        "fraction.js": "^5.2.1",
        "javascript-natural-sort": "^0.7.1",
        "seedrandom": "^3.0.5",
        "tiny-emitter": "^2.1.0",
        "typed-function": "^4.2.1"
      },
      "bin": {
        "mathjs": "bin/cli.js"
      },
      "engines": {
        "node": ">= 18"
      }
    },
    "node_modules/node-int64": {
      "version": "0.4.0",
      "resolved": "https://registry.npmjs.org/node-int64/-/node-int64-0.4.0.tgz",
      "integrity": "sha512-O5lz91xSOeoXP6DulyHfllpq+Eg00MWitZIbtPfoSEvqIHdl5gfcY6hYzDWnj0qD5tz52PI08u9qUvSVeUBeHw==",
      "license": "MIT"
    },
    "node_modules/nth-check": {
      "version": "2.1.1",
      "resolved": "https://registry.npmjs.org/nth-check/-/nth-check-2.1.1.tgz",
      "integrity": "sha512-lqjrjmaOoAnWfMmBPL+XNnynZh2+swxiX3WUE0s4yEHI6m+AwrK2UZOimIRl3X/4QctVqS8AiZjFqyOGrMXb/w==",
      "license": "BSD-2-Clause",
      "dependencies": {
        "boolbase": "^1.0.0"
      },
      "funding": {
        "url": "https://github.com/fb55/nth-check?sponsor=1"
      }
    },
    "node_modules/parse5": {
      "version": "7.3.0",
      "resolved": "https://registry.npmjs.org/parse5/-/parse5-7.3.0.tgz",
      "integrity": "sha512-IInvU7fabl34qmi9gY8XOVxhYyMyuH2xUNpb2q8/Y+7552KlejkRvqvD19nMoUW/uQGGbqNpA6Tufu5FL5BZgw==",
      "license": "MIT",
      "dependencies": {
        "entities": "^6.0.0"
      },
      "funding": {
        "url": "https://github.com/inikulin/parse5?sponsor=1"
      }
    },
    "node_modules/parse5-htmlparser2-tree-adapter": {
      "version": "7.1.0",
      "resolved": "https://registry.npmjs.org/parse5-htmlparser2-tree-adapter/-/parse5-htmlparser2-tree-adapter-7.1.0.tgz",
      "integrity": "sha512-ruw5xyKs6lrpo9x9rCZqZZnIUntICjQAd0Wsmp396Ul9lN/h+ifgVV1x1gZHi8euej6wTfpqX8j+BFQxF0NS/g==",
      "license": "MIT",
      "dependencies": {
        "domhandler": "^5.0.3",
        "parse5": "^7.0.0"
      },
      "funding": {
        "url": "https://github.com/inikulin/parse5?sponsor=1"
      }
    },
    "node_modules/parse5/node_modules/entities": {
      "version": "6.0.1",
      "resolved": "https://registry.npmjs.org/entities/-/entities-6.0.1.tgz",
      "integrity": "sha512-aN97NXWF6AWBTahfVOIrB/NShkzi5H7F9r1s9mD3cDj4Ko5f2qhhVoYMibXF7GlLveb/D2ioWay8lxI97Ven3g==",
      "license": "BSD-2-Clause",
      "engines": {
        "node": ">=0.12"
      },
      "funding": {
        "url": "https://github.com/fb55/entities?sponsor=1"
      }
    },
    "node_modules/read-excel-file": {
      "version": "9.3.10",
      "resolved": "https://registry.npmjs.org/read-excel-file/-/read-excel-file-9.3.10.tgz",
      "integrity": "sha512-zFcBdzunLCGBmLRT4Q3mLPJnhKPAXXfGAZ83feODlEqX2aRUbgF1h/n2oY0UF7I8tVwnJNRas6fTRD5veDUs+g==",
      "license": "MIT",
      "dependencies": {
        "fflate": "^0.8.3",
        "saxen": "^11.1.0",
        "unzipper-esm": "^0.13.3",
        "worker-f": "^0.1.12"
      },
      "engines": {
        "node": ">=18"
      }
    },
    "node_modules/saxen": {
      "version": "11.1.1",
      "resolved": "https://registry.npmjs.org/saxen/-/saxen-11.1.1.tgz",
      "integrity": "sha512-J4BkmJFaM7VgE7pgkFGsNEcqqM3h7+Mz80vfLWFhx7uNOCOXIu6LLjQHYWNejdst3pf/3JUaBIG9+pkk1umlow==",
      "license": "MIT",
      "engines": {
        "node": ">= 20.12"
      }
    },
    "node_modules/seedrandom": {
      "version": "3.0.5",
      "resolved": "https://registry.npmjs.org/seedrandom/-/seedrandom-3.0.5.tgz",
      "integrity": "sha512-8OwmbklUNzwezjGInmZ+2clQmExQPvomqjL7LFqOYqtmuxRgQYqOD3mHaU+MvZn5FLUeVxVfQjwLZW/n/JFuqg==",
      "license": "MIT"
    },
    "node_modules/tiny-emitter": {
      "version": "2.1.0",
      "resolved": "https://registry.npmjs.org/tiny-emitter/-/tiny-emitter-2.1.0.tgz",
      "integrity": "sha512-NB6Dk1A9xgQPMoGqC5CVXn123gWyte215ONT5Pp5a0yt4nlEoO1ZWeCwpncaekPHXO60i47ihFnZPiRPjRMq4Q==",
      "license": "MIT"
    },
    "node_modules/typed-function": {
      "version": "4.2.2",
      "resolved": "https://registry.npmjs.org/typed-function/-/typed-function-4.2.2.tgz",
      "integrity": "sha512-VwaXim9Gp1bngi/q3do8hgttYn2uC3MoT/gfuMWylnj1IeZBUAyPddHZlo1K05BDoj8DYPpMdiHqH1dDYdJf2A==",
      "license": "MIT",
      "engines": {
        "node": ">= 18"
      }
    },
    "node_modules/unpdf": {
      "version": "1.8.1",
      "resolved": "https://registry.npmjs.org/unpdf/-/unpdf-1.8.1.tgz",
      "integrity": "sha512-xkURhy2SoGpOIH0a1gLHNkASPIQYonadDJs2AQwPEfUakafeD9EA1WTWWsaR++gfTCXJpV27W7tU1nXuk82UKQ==",
      "license": "MIT",
      "engines": {
        "node": ">=22"
      },
      "peerDependencies": {
        "@napi-rs/canvas": "^0.1.69 || ^1.0.0"
      },
      "peerDependenciesMeta": {
        "@napi-rs/canvas": {
          "optional": true
        }
      }
    },
    "node_modules/unzipper-esm": {
      "version": "0.13.3",
      "resolved": "https://registry.npmjs.org/unzipper-esm/-/unzipper-esm-0.13.3.tgz",
      "integrity": "sha512-LUO6VZ6fCzkDbdMev0/fOhoIeVGKaOkTIOoYxVLE0SQjfvmAHK+oywl7lfhloSZIsdGJ25mJ18Mtd9CyTASjrA==",
      "license": "MIT",
      "dependencies": {
        "graceful-fs": "^4.2.2",
        "node-int64": "^0.4.0"
      },
      "engines": {
        "node": ">=8.0.0"
      }
    },
    "node_modules/worker-f": {
      "version": "0.1.20",
      "resolved": "https://registry.npmjs.org/worker-f/-/worker-f-0.1.20.tgz",
      "integrity": "sha512-7z5K5z4x++FykhpDTfriT/dOu7CmSap9BBv38DVFU3CD38obopq+DoFH75yBV3butpGm+OeqR9BKdSvYJSnUfQ==",
      "license": "MIT",
      "engines": {
        "node": ">=12"
      }
    },
    "node_modules/zod": {
      "version": "3.25.76",
      "resolved": "https://registry.npmjs.org/zod/-/zod-3.25.76.tgz",
      "integrity": "sha512-gzUt/qt81nXsFGKIFcC3YnfEAx5NkunCfnDlvuBSSFS02bcXu4Lmea0AFIUwbLWxWPx3d9p8S5QoaujKcNQxcQ==",
      "license": "MIT",
      "funding": {
        "url": "https://github.com/sponsors/colinhacks"
      }
    },
    "node_modules/zod-to-json-schema": {
      "version": "3.25.2",
      "resolved": "https://registry.npmjs.org/zod-to-json-schema/-/zod-to-json-schema-3.25.2.tgz",
      "integrity": "sha512-O/PgfnpT1xKSDeQYSCfRI5Gy3hPf91mKVDuYLUHZJMiDFptvP41MSnWofm8dnCm0256ZNfZIM7DSzuSMAFnjHA==",
      "license": "ISC",
      "peerDependencies": {
        "zod": "^3.25.28 || ^4"
      }
    }
  }
}
